{
  "version": 4,
  "terraform_version": "0.14.9",
  "serial": 48,
  "lineage": "4ffb5db2-a95a-7a84-a3d5-0bc303a7744e",
  "outputs": {},
  "resources": [
    {
      "module": "module.pipeline",
      "mode": "data",
      "type": "aws_iam_policy_document",
      "name": "codebuild",
      "provider": "provider[\"registry.terraform.io/hashicorp/aws\"]",
      "instances": [
        {
          "schema_version": 0,
          "attributes": {
            "id": "3228613107",
            "json": "{\n  \"Version\": \"2012-10-17\",\n  \"Statement\": [\n    {\n      \"Sid\": \"\",\n      \"Effect\": \"Allow\",\n      \"Action\": [\n        \"logs:PutLogEvents\",\n        \"logs:CreateLogStream\",\n        \"logs:CreateLogGroup\"\n      ],\n      \"Resource\": \"arn:aws:logs:us-east-1:*:log-group:/aws/codebuild/*\"\n    },\n    {\n      \"Sid\": \"\",\n      \"Effect\": \"Allow\",\n      \"Action\": [\n        \"s3:PutObject\",\n        \"s3:GetObjectVersion\",\n        \"s3:GetObject\",\n        \"s3:GetBucketLocation\",\n        \"s3:GetBucketAcl\"\n      ],\n      \"Resource\": \"arn:aws:s3:::*\"\n    },\n    {\n      \"Sid\": \"\",\n      \"Effect\": \"Allow\",\n      \"Action\": [\n        \"codebuild:UpdateReport\",\n        \"codebuild:CreateReportGroup\",\n        \"codebuild:CreateReport\",\n        \"codebuild:BatchPutTestCases\"\n      ],\n      \"Resource\": \"arn:aws:codebuild:us-east-1:*:report-group/*\"\n    }\n  ]\n}",
            "override_json": null,
            "override_policy_documents": null,
            "policy_id": null,
            "source_json": null,
            "source_policy_documents": null,
            "statement": [
              {
                "actions": [
                  "logs:CreateLogGroup",
                  "logs:CreateLogStream",
                  "logs:PutLogEvents"
                ],
                "condition": [],
                "effect": "Allow",
                "not_actions": [],
                "not_principals": [],
                "not_resources": [],
                "principals": [],
                "resources": [
                  "arn:aws:logs:us-east-1:*:log-group:/aws/codebuild/*"
                ],
                "sid": ""
              },
              {
                "actions": [
                  "s3:GetBucketAcl",
                  "s3:GetBucketLocation",
                  "s3:GetObject",
                  "s3:GetObjectVersion",
                  "s3:PutObject"
                ],
                "condition": [],
                "effect": "Allow",
                "not_actions": [],
                "not_principals": [],
                "not_resources": [],
                "principals": [],
                "resources": [
                  "arn:aws:s3:::*"
                ],
                "sid": ""
              },
              {
                "actions": [
                  "codebuild:BatchPutTestCases",
                  "codebuild:CreateReport",
                  "codebuild:CreateReportGroup",
                  "codebuild:UpdateReport"
                ],
                "condition": [],
                "effect": "Allow",
                "not_actions": [],
                "not_principals": [],
                "not_resources": [],
                "principals": [],
                "resources": [
                  "arn:aws:codebuild:us-east-1:*:report-group/*"
                ],
                "sid": ""
              }
            ],
            "version": "2012-10-17"
          },
          "sensitive_attributes": []
        }
      ]
    },
    {
      "module": "module.pipeline",
      "mode": "data",
      "type": "aws_iam_policy_document",
      "name": "codedeploy",
      "provider": "provider[\"registry.terraform.io/hashicorp/aws\"]",
      "instances": [
        {
          "schema_version": 0,
          "attributes": {
            "id": "981355176",
            "json": "{\n  \"Version\": \"2012-10-17\",\n  \"Statement\": [\n    {\n      \"Sid\": \"\",\n      \"Effect\": \"Allow\",\n      \"Action\": [\n        \"tag:GetResources\",\n        \"sns:Publish\",\n        \"elasticloadbalancing:RegisterTargets\",\n        \"elasticloadbalancing:RegisterInstancesWithLoadBalancer\",\n        \"elasticloadbalancing:DescribeTargetHealth\",\n        \"elasticloadbalancing:DescribeTargetGroups\",\n        \"elasticloadbalancing:DescribeLoadBalancers\",\n        \"elasticloadbalancing:DescribeInstanceHealth\",\n        \"elasticloadbalancing:DeregisterTargets\",\n        \"elasticloadbalancing:DeregisterInstancesFromLoadBalancer\",\n        \"ec2:TerminateInstances\",\n        \"ec2:DescribeInstances\",\n        \"ec2:DescribeInstanceStatus\",\n        \"cloudwatch:PutMetricAlarm\",\n        \"cloudwatch:DescribeAlarms\",\n        \"autoscaling:UpdateAutoScalingGroup\",\n        \"autoscaling:SuspendProcesses\",\n        \"autoscaling:ResumeProcesses\",\n        \"autoscaling:RecordLifecycleActionHeartbeat\",\n        \"autoscaling:PutScheduledUpdateGroupAction\",\n        \"autoscaling:PutScalingPolicy\",\n        \"autoscaling:PutNotificationConfiguration\",\n        \"autoscaling:PutLifecycleHook\",\n        \"autoscaling:EnableMetricsCollection\",\n        \"autoscaling:DescribeScheduledActions\",\n        \"autoscaling:DescribeScalingActivities\",\n        \"autoscaling:DescribePolicies\",\n        \"autoscaling:DescribeNotificationConfigurations\",\n        \"autoscaling:DescribeLifecycleHooks\",\n        \"autoscaling:DescribeAutoScalingGroups\",\n        \"autoscaling:DeleteLifecycleHook\",\n        \"autoscaling:DeleteAutoScalingGroup\",\n        \"autoscaling:CreateAutoScalingGroup\",\n        \"autoscaling:CompleteLifecycleAction\",\n        \"autoscaling:AttachLoadBalancers\"\n      ],\n      \"Resource\": \"*\"\n    }\n  ]\n}",
            "override_json": null,
            "override_policy_documents": null,
            "policy_id": null,
            "source_json": null,
            "source_policy_documents": null,
            "statement": [
              {
                "actions": [
                  "autoscaling:AttachLoadBalancers",
                  "autoscaling:CompleteLifecycleAction",
                  "autoscaling:CreateAutoScalingGroup",
                  "autoscaling:DeleteAutoScalingGroup",
                  "autoscaling:DeleteLifecycleHook",
                  "autoscaling:DescribeAutoScalingGroups",
                  "autoscaling:DescribeLifecycleHooks",
                  "autoscaling:DescribeNotificationConfigurations",
                  "autoscaling:DescribePolicies",
                  "autoscaling:DescribeScalingActivities",
                  "autoscaling:DescribeScheduledActions",
                  "autoscaling:EnableMetricsCollection",
                  "autoscaling:PutLifecycleHook",
                  "autoscaling:PutNotificationConfiguration",
                  "autoscaling:PutScalingPolicy",
                  "autoscaling:PutScheduledUpdateGroupAction",
                  "autoscaling:RecordLifecycleActionHeartbeat",
                  "autoscaling:ResumeProcesses",
                  "autoscaling:SuspendProcesses",
                  "autoscaling:UpdateAutoScalingGroup",
                  "cloudwatch:DescribeAlarms",
                  "cloudwatch:PutMetricAlarm",
                  "ec2:DescribeInstanceStatus",
                  "ec2:DescribeInstances",
                  "ec2:TerminateInstances",
                  "elasticloadbalancing:DeregisterInstancesFromLoadBalancer",
                  "elasticloadbalancing:DeregisterTargets",
                  "elasticloadbalancing:DescribeInstanceHealth",
                  "elasticloadbalancing:DescribeLoadBalancers",
                  "elasticloadbalancing:DescribeTargetGroups",
                  "elasticloadbalancing:DescribeTargetHealth",
                  "elasticloadbalancing:RegisterInstancesWithLoadBalancer",
                  "elasticloadbalancing:RegisterTargets",
                  "sns:Publish",
                  "tag:GetResources"
                ],
                "condition": [],
                "effect": "Allow",
                "not_actions": [],
                "not_principals": [],
                "not_resources": [],
                "principals": [],
                "resources": [
                  "*"
                ],
                "sid": ""
              }
            ],
            "version": "2012-10-17"
          },
          "sensitive_attributes": []
        }
      ]
    },
    {
      "module": "module.pipeline",
      "mode": "managed",
      "type": "aws_codebuild_project",
      "name": "this",
      "provider": "provider[\"registry.terraform.io/hashicorp/aws\"]",
      "instances": [
        {
          "schema_version": 0,
          "attributes": {
            "arn": "arn:aws:codebuild:us-east-1:611929345556:project/cool_webapp-master",
            "artifacts": [
              {
                "artifact_identifier": "",
                "encryption_disabled": false,
                "location": "",
                "name": "cool_webapp-master",
                "namespace_type": "",
                "override_artifact_name": false,
                "packaging": "NONE",
                "path": "",
                "type": "CODEPIPELINE"
              }
            ],
            "badge_enabled": false,
            "badge_url": "",
            "build_timeout": 10,
            "cache": [
              {
                "location": "",
                "modes": [],
                "type": "NO_CACHE"
              }
            ],
            "description": "cool_webapp",
            "encryption_key": "arn:aws:kms:us-east-1:611929345556:alias/aws/s3",
            "environment": [
              {
                "certificate": "",
                "compute_type": "BUILD_GENERAL1_SMALL",
                "environment_variable": [],
                "image": "aws/codebuild/standard:4.0",
                "image_pull_credentials_type": "CODEBUILD",
                "privileged_mode": false,
                "registry_credential": [],
                "type": "LINUX_CONTAINER"
              }
            ],
            "id": "arn:aws:codebuild:us-east-1:611929345556:project/cool_webapp-master",
            "logs_config": [
              {
                "cloudwatch_logs": [
                  {
                    "group_name": "",
                    "status": "ENABLED",
                    "stream_name": ""
                  }
                ],
                "s3_logs": [
                  {
                    "encryption_disabled": false,
                    "location": "",
                    "status": "DISABLED"
                  }
                ]
              }
            ],
            "name": "cool_webapp-master",
            "queued_timeout": 480,
            "secondary_artifacts": [],
            "secondary_sources": [],
            "service_role": "arn:aws:iam::611929345556:role/codebuild-cool_webapp-master",
            "source": [
              {
                "auth": [],
                "buildspec": "",
                "git_clone_depth": 0,
                "git_submodules_config": [],
                "insecure_ssl": false,
                "location": "",
                "report_build_status": false,
                "type": "CODEPIPELINE"
              }
            ],
            "source_version": "master",
            "tags": {
              "Application": "cool_webapp"
            },
            "vpc_config": []
          },
          "sensitive_attributes": [],
          "private": "bnVsbA==",
          "dependencies": [
            "module.pipeline.aws_iam_role.codebuild"
          ]
        }
      ]
    },
    {
      "module": "module.pipeline",
      "mode": "managed",
      "type": "aws_codedeploy_app",
      "name": "this",
      "provider": "provider[\"registry.terraform.io/hashicorp/aws\"]",
      "instances": [
        {
          "schema_version": 0,
          "attributes": {
            "application_id": "abf2f921-4cf1-4636-9be7-a9d92e8d960d",
            "arn": "arn:aws:codedeploy:us-east-1:611929345556:application:cool_webapp",
            "compute_platform": "Server",
            "github_account_name": "",
            "id": "abf2f921-4cf1-4636-9be7-a9d92e8d960d:cool_webapp",
            "linked_to_github": false,
            "name": "cool_webapp",
            "tags": {}
          },
          "sensitive_attributes": [],
          "private": "bnVsbA=="
        }
      ]
    },
    {
      "module": "module.pipeline",
      "mode": "managed",
      "type": "aws_codedeploy_deployment_group",
      "name": "this",
      "provider": "provider[\"registry.terraform.io/hashicorp/aws\"]",
      "instances": [
        {
          "schema_version": 0,
          "attributes": {
            "alarm_configuration": [],
            "app_name": "cool_webapp",
            "arn": "arn:aws:codedeploy:us-east-1:611929345556:deploymentgroup:cool_webapp/cool_webapp",
            "auto_rollback_configuration": [
              {
                "enabled": true,
                "events": [
                  "DEPLOYMENT_FAILURE"
                ]
              }
            ],
            "autoscaling_groups": [],
            "blue_green_deployment_config": [],
            "compute_platform": "Server",
            "deployment_config_name": "CodeDeployDefault.OneAtATime",
            "deployment_group_id": "e0a81a5b-79ae-4dc0-86df-a4a19da4378c",
            "deployment_group_name": "cool_webapp",
            "deployment_style": [
              {
                "deployment_option": "WITHOUT_TRAFFIC_CONTROL",
                "deployment_type": "IN_PLACE"
              }
            ],
            "ec2_tag_filter": [],
            "ec2_tag_set": [
              {
                "ec2_tag_filter": [
                  {
                    "key": "Application",
                    "type": "KEY_AND_VALUE",
                    "value": "cool_webapp"
                  }
                ]
              }
            ],
            "ecs_service": [],
            "id": "e0a81a5b-79ae-4dc0-86df-a4a19da4378c",
            "load_balancer_info": [],
            "on_premises_instance_tag_filter": [],
            "service_role_arn": "arn:aws:iam::611929345556:role/codeploy-cool_webapp",
            "tags": {},
            "trigger_configuration": []
          },
          "sensitive_attributes": [],
          "private": "bnVsbA==",
          "dependencies": [
            "module.pipeline.aws_codedeploy_app.this",
            "module.pipeline.aws_iam_role.codedeploy"
          ]
        }
      ]
    },
    {
      "module": "module.pipeline",
      "mode": "managed",
      "type": "aws_codepipeline",
      "name": "this",
      "provider": "provider[\"registry.terraform.io/hashicorp/aws\"]",
      "instances": [
        {
          "schema_version": 0,
          "attributes": {
            "arn": "arn:aws:codepipeline:us-east-1:611929345556:cool_webapp-master",
            "artifact_store": [
              {
                "encryption_key": [],
                "location": "codepipeline-cool-webapp-master",
                "region": "",
                "type": "S3"
              }
            ],
            "id": "cool_webapp-master",
            "name": "cool_webapp-master",
            "role_arn": "arn:aws:iam::611929345556:role/codepipeline-cool_webapp-master",
            "stage": [
              {
                "action": [
                  {
                    "category": "Source",
                    "configuration": {
                      "BranchName": "master",
                      "PollForSourceChanges": "true",
                      "RepositoryName": "cool_webapp"
                    },
                    "input_artifacts": [],
                    "name": "Source",
                    "namespace": "SourceVariables",
                    "output_artifacts": [
                      "SourceArtifact"
                    ],
                    "owner": "AWS",
                    "provider": "CodeCommit",
                    "region": "",
                    "role_arn": "",
                    "run_order": 1,
                    "version": "1"
                  }
                ],
                "name": "Source"
              },
              {
                "action": [
                  {
                    "category": "Build",
                    "configuration": {
                      "ProjectName": "cool_webapp-master"
                    },
                    "input_artifacts": [
                      "SourceArtifact"
                    ],
                    "name": "Build",
                    "namespace": "BuildVariables",
                    "output_artifacts": [
                      "BuildArtifact"
                    ],
                    "owner": "AWS",
                    "provider": "CodeBuild",
                    "region": "",
                    "role_arn": "",
                    "run_order": 1,
                    "version": "1"
                  }
                ],
                "name": "Build"
              },
              {
                "action": [
                  {
                    "category": "Deploy",
                    "configuration": {
                      "ApplicationName": "cool_webapp",
                      "DeploymentGroupName": "cool_webapp"
                    },
                    "input_artifacts": [
                      "BuildArtifact"
                    ],
                    "name": "Deploy",
                    "namespace": "",
                    "output_artifacts": [],
                    "owner": "AWS",
                    "provider": "CodeDeploy",
                    "region": "",
                    "role_arn": "",
                    "run_order": 1,
                    "version": "1"
                  }
                ],
                "name": "Deploy"
              }
            ],
            "tags": {
              "Application": "cool_webapp"
            }
          },
          "sensitive_attributes": [],
          "private": "bnVsbA==",
          "dependencies": [
            "module.pipeline.aws_codebuild_project.this",
            "module.pipeline.aws_codedeploy_app.this",
            "module.pipeline.aws_codedeploy_deployment_group.this",
            "module.pipeline.aws_iam_role.codebuild",
            "module.pipeline.aws_iam_role.codedeploy",
            "module.pipeline.aws_iam_role.codepipeline",
            "module.pipeline.aws_s3_bucket.build_cache"
          ]
        }
      ]
    },
    {
      "module": "module.pipeline",
      "mode": "managed",
      "type": "aws_iam_role",
      "name": "codebuild",
      "provider": "provider[\"registry.terraform.io/hashicorp/aws\"]",
      "instances": [
        {
          "schema_version": 0,
          "attributes": {
            "arn": "arn:aws:iam::611929345556:role/codebuild-cool_webapp-master",
            "assume_role_policy": "{\"Version\":\"2012-10-17\",\"Statement\":[{\"Effect\":\"Allow\",\"Principal\":{\"Service\":\"codebuild.amazonaws.com\"},\"Action\":\"sts:AssumeRole\"}]}",
            "create_date": "2021-04-25T02:22:45Z",
            "description": "",
            "force_detach_policies": false,
            "id": "codebuild-cool_webapp-master",
            "inline_policy": [
              {
                "name": "terraform-20210425022245705700000001",
                "policy": "{\n  \"Version\": \"2012-10-17\",\n  \"Statement\": [\n    {\n      \"Sid\": \"\",\n      \"Effect\": \"Allow\",\n      \"Action\": [\n        \"logs:PutLogEvents\",\n        \"logs:CreateLogStream\",\n        \"logs:CreateLogGroup\"\n      ],\n      \"Resource\": \"arn:aws:logs:us-east-1:*:log-group:/aws/codebuild/*\"\n    },\n    {\n      \"Sid\": \"\",\n      \"Effect\": \"Allow\",\n      \"Action\": [\n        \"s3:PutObject\",\n        \"s3:GetObjectVersion\",\n        \"s3:GetObject\",\n        \"s3:GetBucketLocation\",\n        \"s3:GetBucketAcl\"\n      ],\n      \"Resource\": \"arn:aws:s3:::*\"\n    },\n    {\n      \"Sid\": \"\",\n      \"Effect\": \"Allow\",\n      \"Action\": [\n        \"codebuild:UpdateReport\",\n        \"codebuild:CreateReportGroup\",\n        \"codebuild:CreateReport\",\n        \"codebuild:BatchPutTestCases\"\n      ],\n      \"Resource\": \"arn:aws:codebuild:us-east-1:*:report-group/*\"\n    }\n  ]\n}"
              }
            ],
            "managed_policy_arns": [],
            "max_session_duration": 3600,
            "name": "codebuild-cool_webapp-master",
            "name_prefix": null,
            "path": "/",
            "permissions_boundary": null,
            "tags": {
              "Application": "cool_webapp"
            },
            "unique_id": "AROAY46OUZYKDHG7I24AH"
          },
          "sensitive_attributes": [],
          "private": "bnVsbA=="
        }
      ]
    },
    {
      "module": "module.pipeline",
      "mode": "managed",
      "type": "aws_iam_role",
      "name": "codedeploy",
      "provider": "provider[\"registry.terraform.io/hashicorp/aws\"]",
      "instances": [
        {
          "schema_version": 0,
          "attributes": {
            "arn": "arn:aws:iam::611929345556:role/codeploy-cool_webapp",
            "assume_role_policy": "{\"Version\":\"2012-10-17\",\"Statement\":[{\"Sid\":\"\",\"Effect\":\"Allow\",\"Principal\":{\"Service\":\"codedeploy.amazonaws.com\"},\"Action\":\"sts:AssumeRole\"}]}",
            "create_date": "2021-04-25T02:22:45Z",
            "description": "",
            "force_detach_policies": false,
            "id": "codeploy-cool_webapp",
            "inline_policy": [
              {
                "name": "terraform-20210425022245775400000002",
                "policy": "{\n  \"Version\": \"2012-10-17\",\n  \"Statement\": [\n    {\n      \"Sid\": \"\",\n      \"Effect\": \"Allow\",\n      \"Action\": [\n        \"tag:GetResources\",\n        \"sns:Publish\",\n        \"elasticloadbalancing:RegisterTargets\",\n        \"elasticloadbalancing:RegisterInstancesWithLoadBalancer\",\n        \"elasticloadbalancing:DescribeTargetHealth\",\n        \"elasticloadbalancing:DescribeTargetGroups\",\n        \"elasticloadbalancing:DescribeLoadBalancers\",\n        \"elasticloadbalancing:DescribeInstanceHealth\",\n        \"elasticloadbalancing:DeregisterTargets\",\n        \"elasticloadbalancing:DeregisterInstancesFromLoadBalancer\",\n        \"ec2:TerminateInstances\",\n        \"ec2:DescribeInstances\",\n        \"ec2:DescribeInstanceStatus\",\n        \"cloudwatch:PutMetricAlarm\",\n        \"cloudwatch:DescribeAlarms\",\n        \"autoscaling:UpdateAutoScalingGroup\",\n        \"autoscaling:SuspendProcesses\",\n        \"autoscaling:ResumeProcesses\",\n        \"autoscaling:RecordLifecycleActionHeartbeat\",\n        \"autoscaling:PutScheduledUpdateGroupAction\",\n        \"autoscaling:PutScalingPolicy\",\n        \"autoscaling:PutNotificationConfiguration\",\n        \"autoscaling:PutLifecycleHook\",\n        \"autoscaling:EnableMetricsCollection\",\n        \"autoscaling:DescribeScheduledActions\",\n        \"autoscaling:DescribeScalingActivities\",\n        \"autoscaling:DescribePolicies\",\n        \"autoscaling:DescribeNotificationConfigurations\",\n        \"autoscaling:DescribeLifecycleHooks\",\n        \"autoscaling:DescribeAutoScalingGroups\",\n        \"autoscaling:DeleteLifecycleHook\",\n        \"autoscaling:DeleteAutoScalingGroup\",\n        \"autoscaling:CreateAutoScalingGroup\",\n        \"autoscaling:CompleteLifecycleAction\",\n        \"autoscaling:AttachLoadBalancers\"\n      ],\n      \"Resource\": \"*\"\n    }\n  ]\n}"
              }
            ],
            "managed_policy_arns": [],
            "max_session_duration": 3600,
            "name": "codeploy-cool_webapp",
            "name_prefix": null,
            "path": "/",
            "permissions_boundary": null,
            "tags": {
              "Application": "cool_webapp"
            },
            "unique_id": "AROAY46OUZYKINOH4LELE"
          },
          "sensitive_attributes": [],
          "private": "bnVsbA=="
        }
      ]
    },
    {
      "module": "module.pipeline",
      "mode": "managed",
      "type": "aws_iam_role",
      "name": "codepipeline",
      "provider": "provider[\"registry.terraform.io/hashicorp/aws\"]",
      "instances": [
        {
          "schema_version": 0,
          "attributes": {
            "arn": "arn:aws:iam::611929345556:role/codepipeline-cool_webapp-master",
            "assume_role_policy": "{\"Version\":\"2012-10-17\",\"Statement\":[{\"Effect\":\"Allow\",\"Principal\":{\"Service\":\"codepipeline.amazonaws.com\"},\"Action\":\"sts:AssumeRole\"}]}",
            "create_date": "2021-04-25T02:22:45Z",
            "description": "",
            "force_detach_policies": false,
            "id": "codepipeline-cool_webapp-master",
            "inline_policy": [
              {
                "name": "codepipeline-cool_webapp-master",
                "policy": "{\n    \"Statement\": [\n        {\n            \"Action\": [\n                \"iam:PassRole\"\n            ],\n            \"Resource\": \"*\",\n            \"Effect\": \"Allow\",\n            \"Condition\": {\n                \"StringEqualsIfExists\": {\n                    \"iam:PassedToService\": [\n                        \"cloudformation.amazonaws.com\",\n                        \"elasticbeanstalk.amazonaws.com\",\n                        \"ec2.amazonaws.com\",\n                        \"ecs-tasks.amazonaws.com\"\n                    ]\n                }\n            }\n        },\n        {\n            \"Action\": [\n                \"codecommit:CancelUploadArchive\",\n                \"codecommit:GetBranch\",\n                \"codecommit:GetCommit\",\n                \"codecommit:GetUploadArchiveStatus\",\n                \"codecommit:UploadArchive\"\n            ],\n            \"Resource\": \"*\",\n            \"Effect\": \"Allow\"\n        },\n        {\n            \"Action\": [\n                \"codedeploy:CreateDeployment\",\n                \"codedeploy:GetApplication\",\n                \"codedeploy:GetApplicationRevision\",\n                \"codedeploy:GetDeployment\",\n                \"codedeploy:GetDeploymentConfig\",\n                \"codedeploy:RegisterApplicationRevision\"\n            ],\n            \"Resource\": \"*\",\n            \"Effect\": \"Allow\"\n        },\n        {\n            \"Action\": [\n                \"codestar-connections:UseConnection\"\n            ],\n            \"Resource\": \"*\",\n            \"Effect\": \"Allow\"\n        },\n        {\n            \"Action\": [\n                \"elasticbeanstalk:*\",\n                \"ec2:*\",\n                \"elasticloadbalancing:*\",\n                \"autoscaling:*\",\n                \"cloudwatch:*\",\n                \"s3:*\",\n                \"sns:*\",\n                \"cloudformation:*\",\n                \"rds:*\",\n                \"sqs:*\",\n                \"ecs:*\"\n            ],\n            \"Resource\": \"*\",\n            \"Effect\": \"Allow\"\n        },\n        {\n            \"Action\": [\n                \"lambda:InvokeFunction\",\n                \"lambda:ListFunctions\"\n            ],\n            \"Resource\": \"*\",\n            \"Effect\": \"Allow\"\n        },\n        {\n            \"Action\": [\n                \"opsworks:CreateDeployment\",\n                \"opsworks:DescribeApps\",\n                \"opsworks:DescribeCommands\",\n                \"opsworks:DescribeDeployments\",\n                \"opsworks:DescribeInstances\",\n                \"opsworks:DescribeStacks\",\n                \"opsworks:UpdateApp\",\n                \"opsworks:UpdateStack\"\n            ],\n            \"Resource\": \"*\",\n            \"Effect\": \"Allow\"\n        },\n        {\n            \"Action\": [\n                \"cloudformation:CreateStack\",\n                \"cloudformation:DeleteStack\",\n                \"cloudformation:DescribeStacks\",\n                \"cloudformation:UpdateStack\",\n                \"cloudformation:CreateChangeSet\",\n                \"cloudformation:DeleteChangeSet\",\n                \"cloudformation:DescribeChangeSet\",\n                \"cloudformation:ExecuteChangeSet\",\n                \"cloudformation:SetStackPolicy\",\n                \"cloudformation:ValidateTemplate\"\n            ],\n            \"Resource\": \"*\",\n            \"Effect\": \"Allow\"\n        },\n        {\n            \"Action\": [\n                \"codebuild:BatchGetBuilds\",\n                \"codebuild:StartBuild\"\n            ],\n            \"Resource\": \"*\",\n            \"Effect\": \"Allow\"\n        },\n        {\n            \"Effect\": \"Allow\",\n            \"Action\": [\n                \"devicefarm:ListProjects\",\n                \"devicefarm:ListDevicePools\",\n                \"devicefarm:GetRun\",\n                \"devicefarm:GetUpload\",\n                \"devicefarm:CreateUpload\",\n                \"devicefarm:ScheduleRun\"\n            ],\n            \"Resource\": \"*\"\n        },\n        {\n            \"Effect\": \"Allow\",\n            \"Action\": [\n                \"servicecatalog:ListProvisioningArtifacts\",\n                \"servicecatalog:CreateProvisioningArtifact\",\n                \"servicecatalog:DescribeProvisioningArtifact\",\n                \"servicecatalog:DeleteProvisioningArtifact\",\n                \"servicecatalog:UpdateProduct\"\n            ],\n            \"Resource\": \"*\"\n        },\n        {\n            \"Effect\": \"Allow\",\n            \"Action\": [\n                \"cloudformation:ValidateTemplate\"\n            ],\n            \"Resource\": \"*\"\n        },\n        {\n            \"Effect\": \"Allow\",\n            \"Action\": [\n                \"ecr:DescribeImages\"\n            ],\n            \"Resource\": \"*\"\n        }\n    ],\n    \"Version\": \"2012-10-17\"\n}"
              }
            ],
            "managed_policy_arns": [],
            "max_session_duration": 3600,
            "name": "codepipeline-cool_webapp-master",
            "name_prefix": null,
            "path": "/",
            "permissions_boundary": null,
            "tags": {
              "Application": "cool_webapp"
            },
            "unique_id": "AROAY46OUZYKODA6SOFAR"
          },
          "sensitive_attributes": [],
          "private": "bnVsbA=="
        }
      ]
    },
    {
      "module": "module.pipeline",
      "mode": "managed",
      "type": "aws_iam_role_policy",
      "name": "codebuild",
      "provider": "provider[\"registry.terraform.io/hashicorp/aws\"]",
      "instances": [
        {
          "schema_version": 0,
          "attributes": {
            "id": "codebuild-cool_webapp-master:terraform-20210425022245705700000001",
            "name": "terraform-20210425022245705700000001",
            "name_prefix": null,
            "policy": "{\n  \"Version\": \"2012-10-17\",\n  \"Statement\": [\n    {\n      \"Sid\": \"\",\n      \"Effect\": \"Allow\",\n      \"Action\": [\n        \"logs:PutLogEvents\",\n        \"logs:CreateLogStream\",\n        \"logs:CreateLogGroup\"\n      ],\n      \"Resource\": \"arn:aws:logs:us-east-1:*:log-group:/aws/codebuild/*\"\n    },\n    {\n      \"Sid\": \"\",\n      \"Effect\": \"Allow\",\n      \"Action\": [\n        \"s3:PutObject\",\n        \"s3:GetObjectVersion\",\n        \"s3:GetObject\",\n        \"s3:GetBucketLocation\",\n        \"s3:GetBucketAcl\"\n      ],\n      \"Resource\": \"arn:aws:s3:::*\"\n    },\n    {\n      \"Sid\": \"\",\n      \"Effect\": \"Allow\",\n      \"Action\": [\n        \"codebuild:UpdateReport\",\n        \"codebuild:CreateReportGroup\",\n        \"codebuild:CreateReport\",\n        \"codebuild:BatchPutTestCases\"\n      ],\n      \"Resource\": \"arn:aws:codebuild:us-east-1:*:report-group/*\"\n    }\n  ]\n}",
            "role": "codebuild-cool_webapp-master"
          },
          "sensitive_attributes": [],
          "private": "bnVsbA==",
          "dependencies": [
            "module.pipeline.aws_iam_role.codebuild",
            "module.pipeline.data.aws_iam_policy_document.codebuild"
          ]
        }
      ]
    },
    {
      "module": "module.pipeline",
      "mode": "managed",
      "type": "aws_iam_role_policy",
      "name": "codedeploy",
      "provider": "provider[\"registry.terraform.io/hashicorp/aws\"]",
      "instances": [
        {
          "schema_version": 0,
          "attributes": {
            "id": "codeploy-cool_webapp:terraform-20210425022245775400000002",
            "name": "terraform-20210425022245775400000002",
            "name_prefix": null,
            "policy": "{\n  \"Version\": \"2012-10-17\",\n  \"Statement\": [\n    {\n      \"Sid\": \"\",\n      \"Effect\": \"Allow\",\n      \"Action\": [\n        \"tag:GetResources\",\n        \"sns:Publish\",\n        \"elasticloadbalancing:RegisterTargets\",\n        \"elasticloadbalancing:RegisterInstancesWithLoadBalancer\",\n        \"elasticloadbalancing:DescribeTargetHealth\",\n        \"elasticloadbalancing:DescribeTargetGroups\",\n        \"elasticloadbalancing:DescribeLoadBalancers\",\n        \"elasticloadbalancing:DescribeInstanceHealth\",\n        \"elasticloadbalancing:DeregisterTargets\",\n        \"elasticloadbalancing:DeregisterInstancesFromLoadBalancer\",\n        \"ec2:TerminateInstances\",\n        \"ec2:DescribeInstances\",\n        \"ec2:DescribeInstanceStatus\",\n        \"cloudwatch:PutMetricAlarm\",\n        \"cloudwatch:DescribeAlarms\",\n        \"autoscaling:UpdateAutoScalingGroup\",\n        \"autoscaling:SuspendProcesses\",\n        \"autoscaling:ResumeProcesses\",\n        \"autoscaling:RecordLifecycleActionHeartbeat\",\n        \"autoscaling:PutScheduledUpdateGroupAction\",\n        \"autoscaling:PutScalingPolicy\",\n        \"autoscaling:PutNotificationConfiguration\",\n        \"autoscaling:PutLifecycleHook\",\n        \"autoscaling:EnableMetricsCollection\",\n        \"autoscaling:DescribeScheduledActions\",\n        \"autoscaling:DescribeScalingActivities\",\n        \"autoscaling:DescribePolicies\",\n        \"autoscaling:DescribeNotificationConfigurations\",\n        \"autoscaling:DescribeLifecycleHooks\",\n        \"autoscaling:DescribeAutoScalingGroups\",\n        \"autoscaling:DeleteLifecycleHook\",\n        \"autoscaling:DeleteAutoScalingGroup\",\n        \"autoscaling:CreateAutoScalingGroup\",\n        \"autoscaling:CompleteLifecycleAction\",\n        \"autoscaling:AttachLoadBalancers\"\n      ],\n      \"Resource\": \"*\"\n    }\n  ]\n}",
            "role": "codeploy-cool_webapp"
          },
          "sensitive_attributes": [],
          "private": "bnVsbA==",
          "dependencies": [
            "module.pipeline.aws_iam_role.codedeploy",
            "module.pipeline.data.aws_iam_policy_document.codedeploy"
          ]
        }
      ]
    },
    {
      "module": "module.pipeline",
      "mode": "managed",
      "type": "aws_iam_role_policy",
      "name": "codepipeline",
      "provider": "provider[\"registry.terraform.io/hashicorp/aws\"]",
      "instances": [
        {
          "schema_version": 0,
          "attributes": {
            "id": "codepipeline-cool_webapp-master:codepipeline-cool_webapp-master",
            "name": "codepipeline-cool_webapp-master",
            "name_prefix": null,
            "policy": "{\n    \"Statement\": [\n        {\n            \"Action\": [\n                \"iam:PassRole\"\n            ],\n            \"Resource\": \"*\",\n            \"Effect\": \"Allow\",\n            \"Condition\": {\n                \"StringEqualsIfExists\": {\n                    \"iam:PassedToService\": [\n                        \"cloudformation.amazonaws.com\",\n                        \"elasticbeanstalk.amazonaws.com\",\n                        \"ec2.amazonaws.com\",\n                        \"ecs-tasks.amazonaws.com\"\n                    ]\n                }\n            }\n        },\n        {\n            \"Action\": [\n                \"codecommit:CancelUploadArchive\",\n                \"codecommit:GetBranch\",\n                \"codecommit:GetCommit\",\n                \"codecommit:GetUploadArchiveStatus\",\n                \"codecommit:UploadArchive\"\n            ],\n            \"Resource\": \"*\",\n            \"Effect\": \"Allow\"\n        },\n        {\n            \"Action\": [\n                \"codedeploy:CreateDeployment\",\n                \"codedeploy:GetApplication\",\n                \"codedeploy:GetApplicationRevision\",\n                \"codedeploy:GetDeployment\",\n                \"codedeploy:GetDeploymentConfig\",\n                \"codedeploy:RegisterApplicationRevision\"\n            ],\n            \"Resource\": \"*\",\n            \"Effect\": \"Allow\"\n        },\n        {\n            \"Action\": [\n                \"codestar-connections:UseConnection\"\n            ],\n            \"Resource\": \"*\",\n            \"Effect\": \"Allow\"\n        },\n        {\n            \"Action\": [\n                \"elasticbeanstalk:*\",\n                \"ec2:*\",\n                \"elasticloadbalancing:*\",\n                \"autoscaling:*\",\n                \"cloudwatch:*\",\n                \"s3:*\",\n                \"sns:*\",\n                \"cloudformation:*\",\n                \"rds:*\",\n                \"sqs:*\",\n                \"ecs:*\"\n            ],\n            \"Resource\": \"*\",\n            \"Effect\": \"Allow\"\n        },\n        {\n            \"Action\": [\n                \"lambda:InvokeFunction\",\n                \"lambda:ListFunctions\"\n            ],\n            \"Resource\": \"*\",\n            \"Effect\": \"Allow\"\n        },\n        {\n            \"Action\": [\n                \"opsworks:CreateDeployment\",\n                \"opsworks:DescribeApps\",\n                \"opsworks:DescribeCommands\",\n                \"opsworks:DescribeDeployments\",\n                \"opsworks:DescribeInstances\",\n                \"opsworks:DescribeStacks\",\n                \"opsworks:UpdateApp\",\n                \"opsworks:UpdateStack\"\n            ],\n            \"Resource\": \"*\",\n            \"Effect\": \"Allow\"\n        },\n        {\n            \"Action\": [\n                \"cloudformation:CreateStack\",\n                \"cloudformation:DeleteStack\",\n                \"cloudformation:DescribeStacks\",\n                \"cloudformation:UpdateStack\",\n                \"cloudformation:CreateChangeSet\",\n                \"cloudformation:DeleteChangeSet\",\n                \"cloudformation:DescribeChangeSet\",\n                \"cloudformation:ExecuteChangeSet\",\n                \"cloudformation:SetStackPolicy\",\n                \"cloudformation:ValidateTemplate\"\n            ],\n            \"Resource\": \"*\",\n            \"Effect\": \"Allow\"\n        },\n        {\n            \"Action\": [\n                \"codebuild:BatchGetBuilds\",\n                \"codebuild:StartBuild\"\n            ],\n            \"Resource\": \"*\",\n            \"Effect\": \"Allow\"\n        },\n        {\n            \"Effect\": \"Allow\",\n            \"Action\": [\n                \"devicefarm:ListProjects\",\n                \"devicefarm:ListDevicePools\",\n                \"devicefarm:GetRun\",\n                \"devicefarm:GetUpload\",\n                \"devicefarm:CreateUpload\",\n                \"devicefarm:ScheduleRun\"\n            ],\n            \"Resource\": \"*\"\n        },\n        {\n            \"Effect\": \"Allow\",\n            \"Action\": [\n                \"servicecatalog:ListProvisioningArtifacts\",\n                \"servicecatalog:CreateProvisioningArtifact\",\n                \"servicecatalog:DescribeProvisioningArtifact\",\n                \"servicecatalog:DeleteProvisioningArtifact\",\n                \"servicecatalog:UpdateProduct\"\n            ],\n            \"Resource\": \"*\"\n        },\n        {\n            \"Effect\": \"Allow\",\n            \"Action\": [\n                \"cloudformation:ValidateTemplate\"\n            ],\n            \"Resource\": \"*\"\n        },\n        {\n            \"Effect\": \"Allow\",\n            \"Action\": [\n                \"ecr:DescribeImages\"\n            ],\n            \"Resource\": \"*\"\n        }\n    ],\n    \"Version\": \"2012-10-17\"\n}",
            "role": "codepipeline-cool_webapp-master"
          },
          "sensitive_attributes": [],
          "private": "bnVsbA==",
          "dependencies": [
            "module.pipeline.aws_iam_role.codepipeline"
          ]
        }
      ]
    },
    {
      "module": "module.pipeline",
      "mode": "managed",
      "type": "aws_s3_bucket",
      "name": "build_cache",
      "provider": "provider[\"registry.terraform.io/hashicorp/aws\"]",
      "instances": [
        {
          "schema_version": 0,
          "attributes": {
            "acceleration_status": "",
            "acl": "private",
            "arn": "arn:aws:s3:::codepipeline-cool-webapp-master",
            "bucket": "codepipeline-cool-webapp-master",
            "bucket_domain_name": "codepipeline-cool-webapp-master.s3.amazonaws.com",
            "bucket_prefix": null,
            "bucket_regional_domain_name": "codepipeline-cool-webapp-master.s3.amazonaws.com",
            "cors_rule": [],
            "force_destroy": false,
            "grant": [],
            "hosted_zone_id": "Z3AQBSTGFYJSTF",
            "id": "codepipeline-cool-webapp-master",
            "lifecycle_rule": [],
            "logging": [],
            "object_lock_configuration": [],
            "policy": null,
            "region": "us-east-1",
            "replication_configuration": [],
            "request_payer": "BucketOwner",
            "server_side_encryption_configuration": [],
            "tags": {
              "Application": "cool_webapp"
            },
            "versioning": [
              {
                "enabled": false,
                "mfa_delete": false
              }
            ],
            "website": [],
            "website_domain": null,
            "website_endpoint": null
          },
          "sensitive_attributes": [],
          "private": "bnVsbA=="
        }
      ]
    },
    {
      "module": "module.vpc",
      "mode": "managed",
      "type": "aws_default_network_acl",
      "name": "default_acl",
      "provider": "provider[\"registry.terraform.io/hashicorp/aws\"]",
      "instances": [
        {
          "schema_version": 0,
          "attributes": {
            "arn": "arn:aws:ec2:us-east-1:611929345556:network-acl/acl-09976cd7f3a9c8403",
            "default_network_acl_id": "acl-09976cd7f3a9c8403",
            "egress": [
              {
                "action": "allow",
                "cidr_block": "0.0.0.0/0",
                "from_port": 0,
                "icmp_code": 0,
                "icmp_type": 0,
                "ipv6_cidr_block": "",
                "protocol": "-1",
                "rule_no": 100,
                "to_port": 0
              }
            ],
            "id": "acl-09976cd7f3a9c8403",
            "ingress": [
              {
                "action": "allow",
                "cidr_block": "0.0.0.0/0",
                "from_port": 0,
                "icmp_code": 0,
                "icmp_type": 0,
                "ipv6_cidr_block": "",
                "protocol": "-1",
                "rule_no": 100,
                "to_port": 0
              }
            ],
            "owner_id": "611929345556",
            "subnet_ids": [],
            "tags": {
              "Application": "cool_webapp",
              "Name": "cool_webapp-default-acl"
            },
            "vpc_id": "vpc-0364165a3134cda72"
          },
          "sensitive_attributes": [],
          "private": "bnVsbA==",
          "dependencies": [
            "module.vpc.aws_vpc.this"
          ]
        }
      ]
    },
    {
      "module": "module.vpc",
      "mode": "managed",
      "type": "aws_default_route_table",
      "name": "default-route-table",
      "provider": "provider[\"registry.terraform.io/hashicorp/aws\"]",
      "instances": [
        {
          "schema_version": 0,
          "attributes": {
            "arn": "arn:aws:ec2:us-east-1:611929345556:route-table/rtb-07d07fde29c42996f",
            "default_route_table_id": "rtb-07d07fde29c42996f",
            "id": "rtb-07d07fde29c42996f",
            "owner_id": "611929345556",
            "propagating_vgws": [],
            "route": [
              {
                "cidr_block": "0.0.0.0/0",
                "destination_prefix_list_id": "",
                "egress_only_gateway_id": "",
                "gateway_id": "",
                "instance_id": "",
                "ipv6_cidr_block": "",
                "nat_gateway_id": "nat-0caeb659d653d329c",
                "network_interface_id": "",
                "transit_gateway_id": "",
                "vpc_endpoint_id": "",
                "vpc_peering_connection_id": ""
              }
            ],
            "tags": {
              "Application": "cool_webapp",
              "Name": "cool_webapp-main-route-table"
            },
            "vpc_id": "vpc-0364165a3134cda72"
          },
          "sensitive_attributes": [],
          "private": "bnVsbA==",
          "dependencies": [
            "module.vpc.aws_eip.this",
            "module.vpc.aws_internet_gateway.this",
            "module.vpc.aws_nat_gateway.this",
            "module.vpc.aws_subnet.public1",
            "module.vpc.aws_vpc.this"
          ]
        }
      ]
    },
    {
      "module": "module.vpc",
      "mode": "managed",
      "type": "aws_eip",
      "name": "this",
      "provider": "provider[\"registry.terraform.io/hashicorp/aws\"]",
      "instances": [
        {
          "schema_version": 0,
          "attributes": {
            "allocation_id": null,
            "associate_with_private_ip": null,
            "association_id": "eipassoc-030ac8040030ead0b",
            "carrier_ip": "",
            "customer_owned_ip": "",
            "customer_owned_ipv4_pool": "",
            "domain": "vpc",
            "id": "eipalloc-0dacb6c1b72e44014",
            "instance": "",
            "network_border_group": "us-east-1",
            "network_interface": "eni-071185edf662d5cca",
            "private_dns": "ip-10-0-1-251.ec2.internal",
            "private_ip": "10.0.1.251",
            "public_dns": "ec2-34-233-101-193.compute-1.amazonaws.com",
            "public_ip": "34.233.101.193",
            "public_ipv4_pool": "amazon",
            "tags": {
              "Application": "cool_webapp"
            },
            "timeouts": null,
            "vpc": true
          },
          "sensitive_attributes": [],
          "private": "eyJlMmJmYjczMC1lY2FhLTExZTYtOGY4OC0zNDM2M2JjN2M0YzAiOnsiZGVsZXRlIjoxODAwMDAwMDAwMDAsInJlYWQiOjkwMDAwMDAwMDAwMCwidXBkYXRlIjozMDAwMDAwMDAwMDB9fQ==",
          "dependencies": [
            "module.vpc.aws_internet_gateway.this",
            "module.vpc.aws_vpc.this"
          ]
        }
      ]
    },
    {
      "module": "module.vpc",
      "mode": "managed",
      "type": "aws_internet_gateway",
      "name": "this",
      "provider": "provider[\"registry.terraform.io/hashicorp/aws\"]",
      "instances": [
        {
          "schema_version": 0,
          "attributes": {
            "arn": "arn:aws:ec2:us-east-1:611929345556:internet-gateway/igw-05bcb9c2c187fa517",
            "id": "igw-05bcb9c2c187fa517",
            "owner_id": "611929345556",
            "tags": {
              "Application": "cool_webapp",
              "Name": "cool_webapp"
            },
            "vpc_id": "vpc-0364165a3134cda72"
          },
          "sensitive_attributes": [],
          "private": "bnVsbA==",
          "dependencies": [
            "module.vpc.aws_vpc.this"
          ]
        }
      ]
    },
    {
      "module": "module.vpc",
      "mode": "managed",
      "type": "aws_nat_gateway",
      "name": "this",
      "provider": "provider[\"registry.terraform.io/hashicorp/aws\"]",
      "instances": [
        {
          "schema_version": 0,
          "attributes": {
            "allocation_id": "eipalloc-0dacb6c1b72e44014",
            "id": "nat-0caeb659d653d329c",
            "network_interface_id": "eni-071185edf662d5cca",
            "private_ip": "10.0.1.251",
            "public_ip": "34.233.101.193",
            "subnet_id": "subnet-06931fc3c72dfb91a",
            "tags": {
              "Name": "cool_webapp-nat-gw",
              "Project": "cool_webapp"
            }
          },
          "sensitive_attributes": [],
          "private": "bnVsbA==",
          "dependencies": [
            "module.vpc.aws_eip.this",
            "module.vpc.aws_internet_gateway.this",
            "module.vpc.aws_subnet.public1",
            "module.vpc.aws_vpc.this"
          ]
        }
      ]
    },
    {
      "module": "module.vpc",
      "mode": "managed",
      "type": "aws_network_acl",
      "name": "public_acl",
      "provider": "provider[\"registry.terraform.io/hashicorp/aws\"]",
      "instances": [
        {
          "schema_version": 0,
          "attributes": {
            "arn": "arn:aws:ec2:us-east-1:611929345556:network-acl/acl-06fb13d547d8fdff8",
            "egress": [
              {
                "action": "allow",
                "cidr_block": "0.0.0.0/0",
                "from_port": 1024,
                "icmp_code": 0,
                "icmp_type": 0,
                "ipv6_cidr_block": "",
                "protocol": "6",
                "rule_no": 400,
                "to_port": 65335
              },
              {
                "action": "allow",
                "cidr_block": "0.0.0.0/0",
                "from_port": 22,
                "icmp_code": 0,
                "icmp_type": 0,
                "ipv6_cidr_block": "",
                "protocol": "6",
                "rule_no": 300,
                "to_port": 22
              },
              {
                "action": "allow",
                "cidr_block": "0.0.0.0/0",
                "from_port": 443,
                "icmp_code": 0,
                "icmp_type": 0,
                "ipv6_cidr_block": "",
                "protocol": "6",
                "rule_no": 200,
                "to_port": 443
              },
              {
                "action": "allow",
                "cidr_block": "0.0.0.0/0",
                "from_port": 80,
                "icmp_code": 0,
                "icmp_type": 0,
                "ipv6_cidr_block": "",
                "protocol": "6",
                "rule_no": 100,
                "to_port": 80
              }
            ],
            "id": "acl-06fb13d547d8fdff8",
            "ingress": [
              {
                "action": "allow",
                "cidr_block": "0.0.0.0/0",
                "from_port": 1024,
                "icmp_code": 0,
                "icmp_type": 0,
                "ipv6_cidr_block": "",
                "protocol": "6",
                "rule_no": 400,
                "to_port": 65335
              },
              {
                "action": "allow",
                "cidr_block": "0.0.0.0/0",
                "from_port": 22,
                "icmp_code": 0,
                "icmp_type": 0,
                "ipv6_cidr_block": "",
                "protocol": "6",
                "rule_no": 300,
                "to_port": 22
              },
              {
                "action": "allow",
                "cidr_block": "0.0.0.0/0",
                "from_port": 433,
                "icmp_code": 0,
                "icmp_type": 0,
                "ipv6_cidr_block": "",
                "protocol": "6",
                "rule_no": 200,
                "to_port": 433
              },
              {
                "action": "allow",
                "cidr_block": "0.0.0.0/0",
                "from_port": 80,
                "icmp_code": 0,
                "icmp_type": 0,
                "ipv6_cidr_block": "",
                "protocol": "6",
                "rule_no": 100,
                "to_port": 80
              }
            ],
            "owner_id": "611929345556",
            "subnet_ids": [
              "subnet-06931fc3c72dfb91a"
            ],
            "tags": {
              "Application": "cool_webapp",
              "Name": "cool_webapp-public-acl"
            },
            "vpc_id": "vpc-0364165a3134cda72"
          },
          "sensitive_attributes": [],
          "private": "bnVsbA==",
          "dependencies": [
            "module.vpc.aws_subnet.public1",
            "module.vpc.aws_vpc.this"
          ]
        }
      ]
    },
    {
      "module": "module.vpc",
      "mode": "managed",
      "type": "aws_route_table",
      "name": "public_route_table",
      "provider": "provider[\"registry.terraform.io/hashicorp/aws\"]",
      "instances": [
        {
          "schema_version": 0,
          "attributes": {
            "arn": "arn:aws:ec2:us-east-1:611929345556:route-table/rtb-08c436c13aa91aed6",
            "id": "rtb-08c436c13aa91aed6",
            "owner_id": "611929345556",
            "propagating_vgws": [],
            "route": [
              {
                "carrier_gateway_id": "",
                "cidr_block": "",
                "destination_prefix_list_id": "",
                "egress_only_gateway_id": "",
                "gateway_id": "igw-05bcb9c2c187fa517",
                "instance_id": "",
                "ipv6_cidr_block": "::/0",
                "local_gateway_id": "",
                "nat_gateway_id": "",
                "network_interface_id": "",
                "transit_gateway_id": "",
                "vpc_endpoint_id": "",
                "vpc_peering_connection_id": ""
              },
              {
                "carrier_gateway_id": "",
                "cidr_block": "0.0.0.0/0",
                "destination_prefix_list_id": "",
                "egress_only_gateway_id": "",
                "gateway_id": "igw-05bcb9c2c187fa517",
                "instance_id": "",
                "ipv6_cidr_block": "",
                "local_gateway_id": "",
                "nat_gateway_id": "",
                "network_interface_id": "",
                "transit_gateway_id": "",
                "vpc_endpoint_id": "",
                "vpc_peering_connection_id": ""
              }
            ],
            "tags": {
              "Application": "cool_webapp",
              "Name": "cool_webapp-public-route-table"
            },
            "vpc_id": "vpc-0364165a3134cda72"
          },
          "sensitive_attributes": [],
          "private": "bnVsbA==",
          "dependencies": [
            "module.vpc.aws_internet_gateway.this",
            "module.vpc.aws_vpc.this"
          ]
        }
      ]
    },
    {
      "module": "module.vpc",
      "mode": "managed",
      "type": "aws_route_table_association",
      "name": "public1_route_table_association",
      "provider": "provider[\"registry.terraform.io/hashicorp/aws\"]",
      "instances": [
        {
          "schema_version": 0,
          "attributes": {
            "gateway_id": null,
            "id": "rtbassoc-0af4b99352c07ff0b",
            "route_table_id": "rtb-08c436c13aa91aed6",
            "subnet_id": "subnet-06931fc3c72dfb91a"
          },
          "sensitive_attributes": [],
          "private": "bnVsbA==",
          "dependencies": [
            "module.vpc.aws_internet_gateway.this",
            "module.vpc.aws_route_table.public_route_table",
            "module.vpc.aws_subnet.public1",
            "module.vpc.aws_vpc.this"
          ]
        }
      ]
    },
    {
      "module": "module.vpc",
      "mode": "managed",
      "type": "aws_route_table_association",
      "name": "public2_route_table_association",
      "provider": "provider[\"registry.terraform.io/hashicorp/aws\"]",
      "instances": [
        {
          "schema_version": 0,
          "attributes": {
            "gateway_id": null,
            "id": "rtbassoc-0797f8f1a60942673",
            "route_table_id": "rtb-08c436c13aa91aed6",
            "subnet_id": "subnet-08268434d95633b48"
          },
          "sensitive_attributes": [],
          "private": "bnVsbA==",
          "dependencies": [
            "module.vpc.aws_internet_gateway.this",
            "module.vpc.aws_route_table.public_route_table",
            "module.vpc.aws_subnet.public2",
            "module.vpc.aws_vpc.this"
          ]
        }
      ]
    },
    {
      "module": "module.vpc",
      "mode": "managed",
      "type": "aws_subnet",
      "name": "private1",
      "provider": "provider[\"registry.terraform.io/hashicorp/aws\"]",
      "instances": [
        {
          "schema_version": 1,
          "attributes": {
            "arn": "arn:aws:ec2:us-east-1:611929345556:subnet/subnet-05327595fe589dfa5",
            "assign_ipv6_address_on_creation": false,
            "availability_zone": "us-east-1b",
            "availability_zone_id": "use1-az6",
            "cidr_block": "10.0.2.0/24",
            "customer_owned_ipv4_pool": "",
            "id": "subnet-05327595fe589dfa5",
            "ipv6_cidr_block": "",
            "ipv6_cidr_block_association_id": "",
            "map_customer_owned_ip_on_launch": false,
            "map_public_ip_on_launch": false,
            "outpost_arn": "",
            "owner_id": "611929345556",
            "tags": {
              "Application": "cool_webapp",
              "Name": "cool_webapp-template-private"
            },
            "tags_all": {
              "Application": "cool_webapp",
              "Name": "cool_webapp-template-private"
            },
            "timeouts": null,
            "vpc_id": "vpc-0364165a3134cda72"
          },
          "sensitive_attributes": [],
          "private": "eyJlMmJmYjczMC1lY2FhLTExZTYtOGY4OC0zNDM2M2JjN2M0YzAiOnsiY3JlYXRlIjo2MDAwMDAwMDAwMDAsImRlbGV0ZSI6MTIwMDAwMDAwMDAwMH0sInNjaGVtYV92ZXJzaW9uIjoiMSJ9",
          "dependencies": [
            "module.vpc.aws_vpc.this"
          ]
        }
      ]
    },
    {
      "module": "module.vpc",
      "mode": "managed",
      "type": "aws_subnet",
      "name": "private2",
      "provider": "provider[\"registry.terraform.io/hashicorp/aws\"]",
      "instances": [
        {
          "schema_version": 1,
          "attributes": {
            "arn": "arn:aws:ec2:us-east-1:611929345556:subnet/subnet-03c982d6628b74b7a",
            "assign_ipv6_address_on_creation": false,
            "availability_zone": "us-east-1a",
            "availability_zone_id": "use1-az4",
            "cidr_block": "10.0.4.0/24",
            "customer_owned_ipv4_pool": "",
            "id": "subnet-03c982d6628b74b7a",
            "ipv6_cidr_block": "",
            "ipv6_cidr_block_association_id": "",
            "map_customer_owned_ip_on_launch": false,
            "map_public_ip_on_launch": false,
            "outpost_arn": "",
            "owner_id": "611929345556",
            "tags": {
              "Application": "cool_webapp",
              "Name": "cool_webapp-template-private-2"
            },
            "tags_all": {
              "Application": "cool_webapp",
              "Name": "cool_webapp-template-private-2"
            },
            "timeouts": null,
            "vpc_id": "vpc-0364165a3134cda72"
          },
          "sensitive_attributes": [],
          "private": "eyJlMmJmYjczMC1lY2FhLTExZTYtOGY4OC0zNDM2M2JjN2M0YzAiOnsiY3JlYXRlIjo2MDAwMDAwMDAwMDAsImRlbGV0ZSI6MTIwMDAwMDAwMDAwMH0sInNjaGVtYV92ZXJzaW9uIjoiMSJ9",
          "dependencies": [
            "module.vpc.aws_vpc.this"
          ]
        }
      ]
    },
    {
      "module": "module.vpc",
      "mode": "managed",
      "type": "aws_subnet",
      "name": "public1",
      "provider": "provider[\"registry.terraform.io/hashicorp/aws\"]",
      "instances": [
        {
          "schema_version": 1,
          "attributes": {
            "arn": "arn:aws:ec2:us-east-1:611929345556:subnet/subnet-06931fc3c72dfb91a",
            "assign_ipv6_address_on_creation": false,
            "availability_zone": "us-east-1a",
            "availability_zone_id": "use1-az4",
            "cidr_block": "10.0.1.0/24",
            "customer_owned_ipv4_pool": "",
            "id": "subnet-06931fc3c72dfb91a",
            "ipv6_cidr_block": "",
            "ipv6_cidr_block_association_id": "",
            "map_customer_owned_ip_on_launch": false,
            "map_public_ip_on_launch": true,
            "outpost_arn": "",
            "owner_id": "611929345556",
            "tags": {
              "Application": "cool_webapp",
              "Name": "cool_webapp-template-public"
            },
            "tags_all": {
              "Application": "cool_webapp",
              "Name": "cool_webapp-template-public"
            },
            "timeouts": null,
            "vpc_id": "vpc-0364165a3134cda72"
          },
          "sensitive_attributes": [],
          "private": "eyJlMmJmYjczMC1lY2FhLTExZTYtOGY4OC0zNDM2M2JjN2M0YzAiOnsiY3JlYXRlIjo2MDAwMDAwMDAwMDAsImRlbGV0ZSI6MTIwMDAwMDAwMDAwMH0sInNjaGVtYV92ZXJzaW9uIjoiMSJ9",
          "dependencies": [
            "module.vpc.aws_vpc.this"
          ]
        }
      ]
    },
    {
      "module": "module.vpc",
      "mode": "managed",
      "type": "aws_subnet",
      "name": "public2",
      "provider": "provider[\"registry.terraform.io/hashicorp/aws\"]",
      "instances": [
        {
          "schema_version": 1,
          "attributes": {
            "arn": "arn:aws:ec2:us-east-1:611929345556:subnet/subnet-08268434d95633b48",
            "assign_ipv6_address_on_creation": false,
            "availability_zone": "us-east-1b",
            "availability_zone_id": "use1-az6",
            "cidr_block": "10.0.3.0/24",
            "customer_owned_ipv4_pool": "",
            "id": "subnet-08268434d95633b48",
            "ipv6_cidr_block": "",
            "ipv6_cidr_block_association_id": "",
            "map_customer_owned_ip_on_launch": false,
            "map_public_ip_on_launch": true,
            "outpost_arn": "",
            "owner_id": "611929345556",
            "tags": {
              "Application": "cool_webapp",
              "Name": "cool_webapp-template-public-2"
            },
            "tags_all": {
              "Application": "cool_webapp",
              "Name": "cool_webapp-template-public-2"
            },
            "timeouts": null,
            "vpc_id": "vpc-0364165a3134cda72"
          },
          "sensitive_attributes": [],
          "private": "eyJlMmJmYjczMC1lY2FhLTExZTYtOGY4OC0zNDM2M2JjN2M0YzAiOnsiY3JlYXRlIjo2MDAwMDAwMDAwMDAsImRlbGV0ZSI6MTIwMDAwMDAwMDAwMH0sInNjaGVtYV92ZXJzaW9uIjoiMSJ9",
          "dependencies": [
            "module.vpc.aws_vpc.this"
          ]
        }
      ]
    },
    {
      "module": "module.vpc",
      "mode": "managed",
      "type": "aws_vpc",
      "name": "this",
      "provider": "provider[\"registry.terraform.io/hashicorp/aws\"]",
      "instances": [
        {
          "schema_version": 1,
          "attributes": {
            "arn": "arn:aws:ec2:us-east-1:611929345556:vpc/vpc-0364165a3134cda72",
            "assign_generated_ipv6_cidr_block": true,
            "cidr_block": "10.0.0.0/16",
            "default_network_acl_id": "acl-09976cd7f3a9c8403",
            "default_route_table_id": "rtb-07d07fde29c42996f",
            "default_security_group_id": "sg-09e7eedfe2db75b23",
            "dhcp_options_id": "dopt-2f7f2555",
            "enable_classiclink": false,
            "enable_classiclink_dns_support": false,
            "enable_dns_hostnames": false,
            "enable_dns_support": true,
            "id": "vpc-0364165a3134cda72",
            "instance_tenancy": "default",
            "ipv6_association_id": "vpc-cidr-assoc-0e4a3766f5a3a2f04",
            "ipv6_cidr_block": "2600:1f18:244e:bc00::/56",
            "main_route_table_id": "rtb-07d07fde29c42996f",
            "owner_id": "611929345556",
            "tags": {
              "Application": "cool_webapp",
              "Name": "cool_webapp-template-vpc"
            },
            "tags_all": {
              "Application": "cool_webapp",
              "Name": "cool_webapp-template-vpc"
            }
          },
          "sensitive_attributes": [],
          "private": "eyJzY2hlbWFfdmVyc2lvbiI6IjEifQ=="
        }
      ]
    },
    {
      "module": "module.webserver",
      "mode": "data",
      "type": "aws_iam_policy_document",
      "name": "this",
      "provider": "provider[\"registry.terraform.io/hashicorp/aws\"]",
      "instances": [
        {
          "schema_version": 0,
          "attributes": {
            "id": "285883506",
            "json": "{\n  \"Version\": \"2012-10-17\",\n  \"Statement\": [\n    {\n      \"Sid\": \"\",\n      \"Effect\": \"Allow\",\n      \"Action\": [\n        \"logs:PutLogEvents\",\n        \"logs:DescribeLogStreams\",\n        \"logs:CreateLogStream\",\n        \"logs:CreateLogGroup\"\n      ],\n      \"Resource\": \"arn:aws:logs:*:*:*\"\n    },\n    {\n      \"Sid\": \"\",\n      \"Effect\": \"Allow\",\n      \"Action\": [\n        \"s3:PutObject\",\n        \"s3:GetObjectVersion\",\n        \"s3:GetObject\",\n        \"s3:GetBucketLocation\",\n        \"s3:GetBucketAcl\"\n      ],\n      \"Resource\": \"arn:aws:s3:::*\"\n    }\n  ]\n}",
            "override_json": null,
            "override_policy_documents": null,
            "policy_id": null,
            "source_json": null,
            "source_policy_documents": null,
            "statement": [
              {
                "actions": [
                  "logs:CreateLogGroup",
                  "logs:CreateLogStream",
                  "logs:DescribeLogStreams",
                  "logs:PutLogEvents"
                ],
                "condition": [],
                "effect": "Allow",
                "not_actions": [],
                "not_principals": [],
                "not_resources": [],
                "principals": [],
                "resources": [
                  "arn:aws:logs:*:*:*"
                ],
                "sid": ""
              },
              {
                "actions": [
                  "s3:GetBucketAcl",
                  "s3:GetBucketLocation",
                  "s3:GetObject",
                  "s3:GetObjectVersion",
                  "s3:PutObject"
                ],
                "condition": [],
                "effect": "Allow",
                "not_actions": [],
                "not_principals": [],
                "not_resources": [],
                "principals": [],
                "resources": [
                  "arn:aws:s3:::*"
                ],
                "sid": ""
              }
            ],
            "version": "2012-10-17"
          },
          "sensitive_attributes": []
        }
      ]
    },
    {
      "module": "module.webserver",
      "mode": "managed",
      "type": "aws_iam_instance_profile",
      "name": "this",
      "provider": "provider[\"registry.terraform.io/hashicorp/aws\"]",
      "instances": [
        {
          "schema_version": 0,
          "attributes": {
            "arn": "arn:aws:iam::611929345556:instance-profile/instance_cool_webapp_profile",
            "create_date": "2021-04-25T02:04:13Z",
            "id": "instance_cool_webapp_profile",
            "name": "instance_cool_webapp_profile",
            "name_prefix": null,
            "path": "/",
            "role": "instance_cool_webapp",
            "tags": {},
            "unique_id": "AIPAY46OUZYKKAMVQR3W3"
          },
          "sensitive_attributes": [],
          "private": "bnVsbA==",
          "dependencies": [
            "module.webserver.aws_iam_role.this"
          ]
        }
      ]
    },
    {
      "module": "module.webserver",
      "mode": "managed",
      "type": "aws_iam_role",
      "name": "this",
      "provider": "provider[\"registry.terraform.io/hashicorp/aws\"]",
      "instances": [
        {
          "schema_version": 0,
          "attributes": {
            "arn": "arn:aws:iam::611929345556:role/instance_cool_webapp",
            "assume_role_policy": "{\"Version\":\"2012-10-17\",\"Statement\":[{\"Effect\":\"Allow\",\"Principal\":{\"Service\":\"ec2.amazonaws.com\"},\"Action\":\"sts:AssumeRole\"}]}",
            "create_date": "2021-04-25T02:04:12Z",
            "description": "",
            "force_detach_policies": false,
            "id": "instance_cool_webapp",
            "inline_policy": [
              {
                "name": "terraform-20210425020413792200000001",
                "policy": "{\n  \"Version\": \"2012-10-17\",\n  \"Statement\": [\n    {\n      \"Sid\": \"\",\n      \"Effect\": \"Allow\",\n      \"Action\": [\n        \"logs:PutLogEvents\",\n        \"logs:DescribeLogStreams\",\n        \"logs:CreateLogStream\",\n        \"logs:CreateLogGroup\"\n      ],\n      \"Resource\": \"arn:aws:logs:*:*:*\"\n    },\n    {\n      \"Sid\": \"\",\n      \"Effect\": \"Allow\",\n      \"Action\": [\n        \"s3:PutObject\",\n        \"s3:GetObjectVersion\",\n        \"s3:GetObject\",\n        \"s3:GetBucketLocation\",\n        \"s3:GetBucketAcl\"\n      ],\n      \"Resource\": \"arn:aws:s3:::*\"\n    }\n  ]\n}"
              }
            ],
            "managed_policy_arns": [],
            "max_session_duration": 3600,
            "name": "instance_cool_webapp",
            "name_prefix": null,
            "path": "/",
            "permissions_boundary": null,
            "tags": {
              "Application": "cool_webapp"
            },
            "unique_id": "AROAY46OUZYKFF6FFNFQF"
          },
          "sensitive_attributes": [],
          "private": "bnVsbA=="
        }
      ]
    },
    {
      "module": "module.webserver",
      "mode": "managed",
      "type": "aws_iam_role_policy",
      "name": "codebuild",
      "provider": "provider[\"registry.terraform.io/hashicorp/aws\"]",
      "instances": [
        {
          "schema_version": 0,
          "attributes": {
            "id": "instance_cool_webapp:terraform-20210425020413792200000001",
            "name": "terraform-20210425020413792200000001",
            "name_prefix": null,
            "policy": "{\n  \"Version\": \"2012-10-17\",\n  \"Statement\": [\n    {\n      \"Sid\": \"\",\n      \"Effect\": \"Allow\",\n      \"Action\": [\n        \"logs:PutLogEvents\",\n        \"logs:DescribeLogStreams\",\n        \"logs:CreateLogStream\",\n        \"logs:CreateLogGroup\"\n      ],\n      \"Resource\": \"arn:aws:logs:*:*:*\"\n    },\n    {\n      \"Sid\": \"\",\n      \"Effect\": \"Allow\",\n      \"Action\": [\n        \"s3:PutObject\",\n        \"s3:GetObjectVersion\",\n        \"s3:GetObject\",\n        \"s3:GetBucketLocation\",\n        \"s3:GetBucketAcl\"\n      ],\n      \"Resource\": \"arn:aws:s3:::*\"\n    }\n  ]\n}",
            "role": "instance_cool_webapp"
          },
          "sensitive_attributes": [],
          "private": "bnVsbA==",
          "dependencies": [
            "module.webserver.aws_iam_role.this",
            "module.webserver.data.aws_iam_policy_document.this"
          ]
        }
      ]
    },
    {
      "module": "module.webserver",
      "mode": "managed",
      "type": "aws_instance",
      "name": "public1",
      "provider": "provider[\"registry.terraform.io/hashicorp/aws\"]",
      "instances": [
        {
          "schema_version": 1,
          "attributes": {
            "ami": "ami-0a887e401f7654935",
            "arn": "arn:aws:ec2:us-east-1:611929345556:instance/i-0ba0cfe2516edc620",
            "associate_public_ip_address": true,
            "availability_zone": "us-east-1a",
            "cpu_core_count": 1,
            "cpu_threads_per_core": 1,
            "credit_specification": [
              {
                "cpu_credits": "standard"
              }
            ],
            "disable_api_termination": false,
            "ebs_block_device": [],
            "ebs_optimized": false,
            "enclave_options": [
              {
                "enabled": false
              }
            ],
            "ephemeral_block_device": [],
            "get_password_data": false,
            "hibernation": false,
            "host_id": null,
            "iam_instance_profile": "instance_cool_webapp_profile",
            "id": "i-0ba0cfe2516edc620",
            "instance_initiated_shutdown_behavior": null,
            "instance_state": "running",
            "instance_type": "t2.micro",
            "ipv6_address_count": 0,
            "ipv6_addresses": [],
            "key_name": "ha_webserver",
            "metadata_options": [
              {
                "http_endpoint": "enabled",
                "http_put_response_hop_limit": 1,
                "http_tokens": "optional"
              }
            ],
            "monitoring": false,
            "network_interface": [],
            "outpost_arn": "",
            "password_data": "",
            "placement_group": "",
            "primary_network_interface_id": "eni-00fc348b064eb27df",
            "private_dns": "ip-10-0-1-154.ec2.internal",
            "private_ip": "10.0.1.154",
            "public_dns": "",
            "public_ip": "3.85.108.55",
            "root_block_device": [
              {
                "delete_on_termination": true,
                "device_name": "/dev/xvda",
                "encrypted": false,
                "iops": 100,
                "kms_key_id": "",
                "tags": {},
                "throughput": 0,
                "volume_id": "vol-051f3cb49dcf05920",
                "volume_size": 8,
                "volume_type": "gp2"
              }
            ],
            "secondary_private_ips": [],
            "security_groups": [],
            "source_dest_check": true,
            "subnet_id": "subnet-06931fc3c72dfb91a",
            "tags": {
              "Application": "cool_webapp",
              "Name": "cool_webapp"
            },
            "tenancy": "default",
            "timeouts": null,
            "user_data": "dcbbaa42b22727f0168b9eaccc1df156c8fc00c9",
            "user_data_base64": null,
            "volume_tags": null,
            "vpc_security_group_ids": [
              "sg-0010b41622d633d86"
            ]
          },
          "sensitive_attributes": [],
          "private": "eyJlMmJmYjczMC1lY2FhLTExZTYtOGY4OC0zNDM2M2JjN2M0YzAiOnsiY3JlYXRlIjo2MDAwMDAwMDAwMDAsImRlbGV0ZSI6MTIwMDAwMDAwMDAwMCwidXBkYXRlIjo2MDAwMDAwMDAwMDB9LCJzY2hlbWFfdmVyc2lvbiI6IjEifQ==",
          "dependencies": [
            "module.vpc.aws_subnet.public1",
            "module.vpc.aws_vpc.this",
            "module.webserver.aws_iam_instance_profile.this",
            "module.webserver.aws_iam_role.this",
            "module.webserver.aws_security_group.this"
          ]
        }
      ]
    },
    {
      "module": "module.webserver",
      "mode": "managed",
      "type": "aws_instance",
      "name": "public2",
      "provider": "provider[\"registry.terraform.io/hashicorp/aws\"]",
      "instances": [
        {
          "schema_version": 1,
          "attributes": {
            "ami": "ami-0a887e401f7654935",
            "arn": "arn:aws:ec2:us-east-1:611929345556:instance/i-01c8929902fa4900e",
            "associate_public_ip_address": true,
            "availability_zone": "us-east-1b",
            "cpu_core_count": 1,
            "cpu_threads_per_core": 1,
            "credit_specification": [
              {
                "cpu_credits": "standard"
              }
            ],
            "disable_api_termination": false,
            "ebs_block_device": [],
            "ebs_optimized": false,
            "enclave_options": [
              {
                "enabled": false
              }
            ],
            "ephemeral_block_device": [],
            "get_password_data": false,
            "hibernation": false,
            "host_id": null,
            "iam_instance_profile": "instance_cool_webapp_profile",
            "id": "i-01c8929902fa4900e",
            "instance_initiated_shutdown_behavior": null,
            "instance_state": "running",
            "instance_type": "t2.micro",
            "ipv6_address_count": 0,
            "ipv6_addresses": [],
            "key_name": "ha_webserver",
            "metadata_options": [
              {
                "http_endpoint": "enabled",
                "http_put_response_hop_limit": 1,
                "http_tokens": "optional"
              }
            ],
            "monitoring": false,
            "network_interface": [],
            "outpost_arn": "",
            "password_data": "",
            "placement_group": "",
            "primary_network_interface_id": "eni-0b54912fa25d0b107",
            "private_dns": "ip-10-0-3-149.ec2.internal",
            "private_ip": "10.0.3.149",
            "public_dns": "",
            "public_ip": "54.174.140.181",
            "root_block_device": [
              {
                "delete_on_termination": true,
                "device_name": "/dev/xvda",
                "encrypted": false,
                "iops": 100,
                "kms_key_id": "",
                "tags": {},
                "throughput": 0,
                "volume_id": "vol-0ad8f428264f0972f",
                "volume_size": 8,
                "volume_type": "gp2"
              }
            ],
            "secondary_private_ips": [],
            "security_groups": [],
            "source_dest_check": true,
            "subnet_id": "subnet-08268434d95633b48",
            "tags": {
              "Application": "cool_webapp",
              "Name": "cool_webapp"
            },
            "tenancy": "default",
            "timeouts": null,
            "user_data": "dcbbaa42b22727f0168b9eaccc1df156c8fc00c9",
            "user_data_base64": null,
            "volume_tags": null,
            "vpc_security_group_ids": [
              "sg-0010b41622d633d86"
            ]
          },
          "sensitive_attributes": [],
          "private": "eyJlMmJmYjczMC1lY2FhLTExZTYtOGY4OC0zNDM2M2JjN2M0YzAiOnsiY3JlYXRlIjo2MDAwMDAwMDAwMDAsImRlbGV0ZSI6MTIwMDAwMDAwMDAwMCwidXBkYXRlIjo2MDAwMDAwMDAwMDB9LCJzY2hlbWFfdmVyc2lvbiI6IjEifQ==",
          "dependencies": [
            "module.vpc.aws_subnet.public2",
            "module.vpc.aws_vpc.this",
            "module.webserver.aws_iam_instance_profile.this",
            "module.webserver.aws_iam_role.this",
            "module.webserver.aws_security_group.this"
          ]
        }
      ]
    },
    {
      "module": "module.webserver",
      "mode": "managed",
      "type": "aws_lb",
      "name": "this",
      "provider": "provider[\"registry.terraform.io/hashicorp/aws\"]",
      "instances": [
        {
          "schema_version": 0,
          "attributes": {
            "access_logs": [
              {
                "bucket": "",
                "enabled": false,
                "prefix": ""
              }
            ],
            "arn": "arn:aws:elasticloadbalancing:us-east-1:611929345556:loadbalancer/app/coolwebapp/f05fe20ecb27fbd8",
            "arn_suffix": "app/coolwebapp/f05fe20ecb27fbd8",
            "customer_owned_ipv4_pool": "",
            "dns_name": "coolwebapp-743436928.us-east-1.elb.amazonaws.com",
            "drop_invalid_header_fields": false,
            "enable_cross_zone_load_balancing": null,
            "enable_deletion_protection": false,
            "enable_http2": true,
            "id": "arn:aws:elasticloadbalancing:us-east-1:611929345556:loadbalancer/app/coolwebapp/f05fe20ecb27fbd8",
            "idle_timeout": 60,
            "internal": false,
            "ip_address_type": "ipv4",
            "load_balancer_type": "application",
            "name": "coolwebapp",
            "name_prefix": null,
            "security_groups": [
              "sg-0010b41622d633d86"
            ],
            "subnet_mapping": [
              {
                "allocation_id": "",
                "ipv6_address": "",
                "outpost_id": "",
                "private_ipv4_address": "",
                "subnet_id": "subnet-06931fc3c72dfb91a"
              },
              {
                "allocation_id": "",
                "ipv6_address": "",
                "outpost_id": "",
                "private_ipv4_address": "",
                "subnet_id": "subnet-08268434d95633b48"
              }
            ],
            "subnets": [
              "subnet-06931fc3c72dfb91a",
              "subnet-08268434d95633b48"
            ],
            "tags": {
              "Application": "cool_webapp"
            },
            "timeouts": null,
            "vpc_id": "vpc-0364165a3134cda72",
            "zone_id": "Z35SXDOTRQ7X7K"
          },
          "sensitive_attributes": [],
          "private": "eyJlMmJmYjczMC1lY2FhLTExZTYtOGY4OC0zNDM2M2JjN2M0YzAiOnsiY3JlYXRlIjo2MDAwMDAwMDAwMDAsImRlbGV0ZSI6NjAwMDAwMDAwMDAwLCJ1cGRhdGUiOjYwMDAwMDAwMDAwMH19",
          "dependencies": [
            "module.vpc.aws_subnet.public1",
            "module.vpc.aws_subnet.public2",
            "module.vpc.aws_vpc.this",
            "module.webserver.aws_security_group.this"
          ]
        }
      ]
    },
    {
      "module": "module.webserver",
      "mode": "managed",
      "type": "aws_lb_listener",
      "name": "this",
      "provider": "provider[\"registry.terraform.io/hashicorp/aws\"]",
      "instances": [
        {
          "schema_version": 0,
          "attributes": {
            "alpn_policy": null,
            "arn": "arn:aws:elasticloadbalancing:us-east-1:611929345556:listener/app/coolwebapp/f05fe20ecb27fbd8/587a95d14d81b927",
            "certificate_arn": null,
            "default_action": [
              {
                "authenticate_cognito": [],
                "authenticate_oidc": [],
                "fixed_response": [],
                "forward": [],
                "order": 1,
                "redirect": [],
                "target_group_arn": "arn:aws:elasticloadbalancing:us-east-1:611929345556:targetgroup/coolwebapp/b5c32573b6686c6c",
                "type": "forward"
              }
            ],
            "id": "arn:aws:elasticloadbalancing:us-east-1:611929345556:listener/app/coolwebapp/f05fe20ecb27fbd8/587a95d14d81b927",
            "load_balancer_arn": "arn:aws:elasticloadbalancing:us-east-1:611929345556:loadbalancer/app/coolwebapp/f05fe20ecb27fbd8",
            "port": 80,
            "protocol": "HTTP",
            "ssl_policy": "",
            "timeouts": null
          },
          "sensitive_attributes": [],
          "private": "eyJlMmJmYjczMC1lY2FhLTExZTYtOGY4OC0zNDM2M2JjN2M0YzAiOnsicmVhZCI6NjAwMDAwMDAwMDAwfX0=",
          "dependencies": [
            "module.vpc.aws_subnet.public1",
            "module.vpc.aws_subnet.public2",
            "module.vpc.aws_vpc.this",
            "module.webserver.aws_lb.this",
            "module.webserver.aws_lb_target_group.this",
            "module.webserver.aws_security_group.this"
          ]
        }
      ]
    },
    {
      "module": "module.webserver",
      "mode": "managed",
      "type": "aws_lb_target_group",
      "name": "this",
      "provider": "provider[\"registry.terraform.io/hashicorp/aws\"]",
      "instances": [
        {
          "schema_version": 0,
          "attributes": {
            "arn": "arn:aws:elasticloadbalancing:us-east-1:611929345556:targetgroup/coolwebapp/b5c32573b6686c6c",
            "arn_suffix": "targetgroup/coolwebapp/b5c32573b6686c6c",
            "deregistration_delay": 300,
            "health_check": [
              {
                "enabled": true,
                "healthy_threshold": 5,
                "interval": 30,
                "matcher": "200",
                "path": "/",
                "port": "traffic-port",
                "protocol": "HTTP",
                "timeout": 5,
                "unhealthy_threshold": 2
              }
            ],
            "id": "arn:aws:elasticloadbalancing:us-east-1:611929345556:targetgroup/coolwebapp/b5c32573b6686c6c",
            "lambda_multi_value_headers_enabled": false,
            "load_balancing_algorithm_type": "round_robin",
            "name": "coolwebapp",
            "name_prefix": null,
            "port": 80,
            "preserve_client_ip": null,
            "protocol": "HTTP",
            "protocol_version": "HTTP1",
            "proxy_protocol_v2": false,
            "slow_start": 0,
            "stickiness": [
              {
                "cookie_duration": 86400,
                "enabled": false,
                "type": "lb_cookie"
              }
            ],
            "tags": {
              "Application": "cool_webapp"
            },
            "target_type": "instance",
            "vpc_id": "vpc-0364165a3134cda72"
          },
          "sensitive_attributes": [],
          "private": "bnVsbA==",
          "dependencies": [
            "module.vpc.aws_vpc.this"
          ]
        }
      ]
    },
    {
      "module": "module.webserver",
      "mode": "managed",
      "type": "aws_lb_target_group_attachment",
      "name": "instance-1-tg-attach",
      "provider": "provider[\"registry.terraform.io/hashicorp/aws\"]",
      "instances": [
        {
          "schema_version": 0,
          "attributes": {
            "availability_zone": null,
            "id": "arn:aws:elasticloadbalancing:us-east-1:611929345556:targetgroup/coolwebapp/b5c32573b6686c6c-20210425021759800500000001",
            "port": 80,
            "target_group_arn": "arn:aws:elasticloadbalancing:us-east-1:611929345556:targetgroup/coolwebapp/b5c32573b6686c6c",
            "target_id": "i-0ba0cfe2516edc620"
          },
          "sensitive_attributes": [],
          "private": "bnVsbA==",
          "dependencies": [
            "module.vpc.aws_subnet.public1",
            "module.vpc.aws_vpc.this",
            "module.webserver.aws_iam_instance_profile.this",
            "module.webserver.aws_iam_role.this",
            "module.webserver.aws_instance.public1",
            "module.webserver.aws_lb_target_group.this",
            "module.webserver.aws_security_group.this"
          ]
        }
      ]
    },
    {
      "module": "module.webserver",
      "mode": "managed",
      "type": "aws_lb_target_group_attachment",
      "name": "instance-2-tg-attach",
      "provider": "provider[\"registry.terraform.io/hashicorp/aws\"]",
      "instances": [
        {
          "schema_version": 0,
          "attributes": {
            "availability_zone": null,
            "id": "arn:aws:elasticloadbalancing:us-east-1:611929345556:targetgroup/coolwebapp/b5c32573b6686c6c-20210425021800079400000002",
            "port": 80,
            "target_group_arn": "arn:aws:elasticloadbalancing:us-east-1:611929345556:targetgroup/coolwebapp/b5c32573b6686c6c",
            "target_id": "i-01c8929902fa4900e"
          },
          "sensitive_attributes": [],
          "private": "bnVsbA==",
          "dependencies": [
            "module.vpc.aws_subnet.public2",
            "module.vpc.aws_vpc.this",
            "module.webserver.aws_iam_instance_profile.this",
            "module.webserver.aws_iam_role.this",
            "module.webserver.aws_instance.public2",
            "module.webserver.aws_lb_target_group.this",
            "module.webserver.aws_security_group.this"
          ]
        }
      ]
    },
    {
      "module": "module.webserver",
      "mode": "managed",
      "type": "aws_security_group",
      "name": "this",
      "provider": "provider[\"registry.terraform.io/hashicorp/aws\"]",
      "instances": [
        {
          "schema_version": 1,
          "attributes": {
            "arn": "arn:aws:ec2:us-east-1:611929345556:security-group/sg-0010b41622d633d86",
            "description": "Allow ssh \u0026 http inbound traffic",
            "egress": [
              {
                "cidr_blocks": [
                  "0.0.0.0/0"
                ],
                "description": "",
                "from_port": 0,
                "ipv6_cidr_blocks": [],
                "prefix_list_ids": [],
                "protocol": "-1",
                "security_groups": [],
                "self": false,
                "to_port": 0
              }
            ],
            "id": "sg-0010b41622d633d86",
            "ingress": [
              {
                "cidr_blocks": [
                  "0.0.0.0/0"
                ],
                "description": "TLS from VPC",
                "from_port": 22,
                "ipv6_cidr_blocks": [],
                "prefix_list_ids": [],
                "protocol": "tcp",
                "security_groups": [],
                "self": false,
                "to_port": 22
              },
              {
                "cidr_blocks": [
                  "0.0.0.0/0"
                ],
                "description": "http traffic",
                "from_port": 80,
                "ipv6_cidr_blocks": [],
                "prefix_list_ids": [],
                "protocol": "tcp",
                "security_groups": [],
                "self": false,
                "to_port": 80
              }
            ],
            "name": "ec2-public-webserver-sg",
            "name_prefix": "",
            "owner_id": "611929345556",
            "revoke_rules_on_delete": false,
            "tags": {
              "Application": "cool_webapp"
            },
            "timeouts": null,
            "vpc_id": "vpc-0364165a3134cda72"
          },
          "sensitive_attributes": [],
          "private": "eyJlMmJmYjczMC1lY2FhLTExZTYtOGY4OC0zNDM2M2JjN2M0YzAiOnsiY3JlYXRlIjo2MDAwMDAwMDAwMDAsImRlbGV0ZSI6OTAwMDAwMDAwMDAwfSwic2NoZW1hX3ZlcnNpb24iOiIxIn0=",
          "dependencies": [
            "module.vpc.aws_vpc.this"
          ]
        }
      ]
    }
  ]
}
